dependencies:
- name: mongodb
  repository: https://kubernetes-charts.storage.googleapis.com/
  version: 7.6.3
- name: redis
  repository: https://kubernetes-charts.storage.googleapis.com/
  version: 10.4.1
digest: sha256:9f6cc9d75cddb7581ffabe8415c2df69d1226f6c7a85828abba3747bde272a7e
generated: "2020-02-09T23:10:10.657389-05:00"
